{
  "name": "backoffice-api-sdk",
  "version": "1.0.0",
  "lockfileVersion": 3,
  "requires": true,
  "packages": {
    "": {
      "name": "backoffice-api-sdk",
      "version": "1.0.0",
      "dependencies": {
        "@nestia/fetcher": "^3.4.1"
      },
      "devDependencies": {
        "typescript": "^5.4.2"
      }
    },
    "node_modules/@nestia/fetcher": {
      "version": "3.19.1",
      "resolved": "https://registry.npmjs.org/@nestia/fetcher/-/fetcher-3.19.1.tgz",
      "integrity": "sha512-8EIsEne8gCELljgBqNoR8W2wj/1ABhucOZvg6MtPj2gO7cDNBfnWLKTK/fb+FX1gQw/9MjJ9AT+tZ7w0xZ4pPA==",
      "dependencies": {
        "@samchon/openapi": "^1.2.2"
      },
      "peerDependencies": {
        "typescript": ">= 4.8.0"
      }
    },
    "node_modules/@samchon/openapi": {
      "version": "1.2.4",
      "resolved": "https://registry.npmjs.org/@samchon/openapi/-/openapi-1.2.4.tgz",
      "integrity": "sha512-fEFAI2tXJHdsc4CYghNDuLmz2lDlwnGIQLW7+x5IEznYK3Hm6MBwU1RmD9v9QoCYgUyYJ7R8bZDn9GKoQnb8FA=="
    },
    "node_modules/typescript": {
      "version": "5.7.3",
      "resolved": "https://registry.npmjs.org/typescript/-/typescript-5.7.3.tgz",
      "integrity": "sha512-84MVSjMEHP+FQRPy3pX9sTVV/INIex71s9TL2Gm5FG/WG1SqXeKyZ0k7/blY/4FdOzI12CBy1vGc4og/eus0fw==",
      "bin": {
        "tsc": "bin/tsc",
        "tsserver": "bin/tsserver"
      },
      "engines": {
        "node": ">=14.17"
      }
    }
  }
}
